
Microsoft Visual Studio Solution File, Format Version 12.00
# Visual Studio Version 16
VisualStudioVersion = 16.0.31515.178
MinimumVisualStudioVersion = 10.0.40219.1
Project("{2150E333-8FDC-42A3-9474-1A3956D46DE8}") = "Transformation", "Transformation", "{595EB915-D971-4C2C-A459-FDC88AEF816B}"
EndProject
Project("{8BC9CEB8-8B4A-11D0-8D11-00A0C91BC942}") = "Box", "Box\Box.vcxproj", "{7F50D019-BA1B-4DFA-A873-06E11F5DA45A}"
EndProject
Project("{8BC9CEB8-8B4A-11D0-8D11-00A0C91BC942}") = "CircularAnnuluses", "CircularAnnuluses\CircularAnnuluses.vcxproj", "{C6C9FEBC-0F61-4290-900A-5CD5A543225A}"
EndProject
Project("{8BC9CEB8-8B4A-11D0-8D11-00A0C91BC942}") = "Helix", "Helix\Helix.vcxproj", "{C4051427-47D3-45F3-BD58-C1EC9CE734F6}"
EndProject
Project("{2150E333-8FDC-42A3-9474-1A3956D46DE8}") = "Projection", "Projection", "{4ACD00A4-4155-4C16-9B3C-A52BD28F7D93}"
EndProject
Project("{8BC9CEB8-8B4A-11D0-8D11-00A0C91BC942}") = "Square", "Square\Square.vcxproj", "{D9D328E5-7175-4A31-88C1-F12547A59613}"
EndProject
Project("{8BC9CEB8-8B4A-11D0-8D11-00A0C91BC942}") = "ExperimentTwoSquares", "ExperimentTwoSquares\ExperimentTwoSquares.vcxproj", "{919B2913-E460-4733-A329-90C42AA72E27}"
EndProject
Project("{8BC9CEB8-8B4A-11D0-8D11-00A0C91BC942}") = "Hemisphere", "Hemisphere\Hemisphere.vcxproj", "{5CD8537C-7DAD-47C5-AC2F-286A3DBB1701}"
EndProject
Project("{8BC9CEB8-8B4A-11D0-8D11-00A0C91BC942}") = "HemispherePerspective", "HemispherePerspective\HemispherePerspective.vcxproj", "{6579874F-AE50-46FB-A504-422FA2836EE4}"
EndProject
Project("{2150E333-8FDC-42A3-9474-1A3956D46DE8}") = "MatrixStack", "MatrixStack", "{26DCADD5-3DD3-4BD0-83FA-DF05624B55B9}"
EndProject
Project("{8BC9CEB8-8B4A-11D0-8D11-00A0C91BC942}") = "RotatingHelix1", "E:\OpenGL\OpenGLDemo\Chapter4\RotatingHelix1\RotatingHelix1.vcxproj", "{90E9CB6C-EFEB-4D36-8033-8494FBE6D352}"
EndProject
Project("{8BC9CEB8-8B4A-11D0-8D11-00A0C91BC942}") = "RotatingHelix2", "RotatingHelix2\RotatingHelix2.vcxproj", "{9BE13266-DA06-48E4-B535-E842EB0EFDBF}"
EndProject
Project("{8BC9CEB8-8B4A-11D0-8D11-00A0C91BC942}") = "RotatingHelix3", "RotatingHelix3\RotatingHelix3.vcxproj", "{4245BEB4-9E58-49FC-9773-91C991BA5A8E}"
EndProject
Project("{8BC9CEB8-8B4A-11D0-8D11-00A0C91BC942}") = "RotatingHelixFPS", "RotatingHelixFPS\RotatingHelixFPS.vcxproj", "{F8344B5A-C890-4C74-BA84-875CEB57BEE7}"
EndProject
Project("{8BC9CEB8-8B4A-11D0-8D11-00A0C91BC942}") = "Clown3", "Clown3\Clown3.vcxproj", "{58F250A3-ABD5-4208-B91D-ADE86B2FC54F}"
EndProject
Project("{2150E333-8FDC-42A3-9474-1A3956D46DE8}") = "ColorLight", "ColorLight", "{75B783EF-F07F-4D2F-96E7-6130FB861773}"
EndProject
Project("{8BC9CEB8-8B4A-11D0-8D11-00A0C91BC942}") = "LightAndMaterial1", "LightAndMaterial1\LightAndMaterial1.vcxproj", "{847C2F6F-B84E-497F-B651-607D93CA76A1}"
EndProject
Project("{8BC9CEB8-8B4A-11D0-8D11-00A0C91BC942}") = "LightAndMaterial2", "LightAndMaterial2\LightAndMaterial2.vcxproj", "{56845C76-F1CE-42E2-86EA-CA93DB6CB762}"
EndProject
Project("{8BC9CEB8-8B4A-11D0-8D11-00A0C91BC942}") = "SphereInBox1", "SphereInBox1\SphereInBox1.vcxproj", "{7A267162-898B-46D2-ACB4-97AFD61225AB}"
EndProject
Global
	GlobalSection(SolutionConfigurationPlatforms) = preSolution
		Debug|x64 = Debug|x64
		Debug|x86 = Debug|x86
		Release|x64 = Release|x64
		Release|x86 = Release|x86
	EndGlobalSection
	GlobalSection(ProjectConfigurationPlatforms) = postSolution
		{7F50D019-BA1B-4DFA-A873-06E11F5DA45A}.Debug|x64.ActiveCfg = Debug|x64
		{7F50D019-BA1B-4DFA-A873-06E11F5DA45A}.Debug|x64.Build.0 = Debug|x64
		{7F50D019-BA1B-4DFA-A873-06E11F5DA45A}.Debug|x86.ActiveCfg = Debug|Win32
		{7F50D019-BA1B-4DFA-A873-06E11F5DA45A}.Debug|x86.Build.0 = Debug|Win32
		{7F50D019-BA1B-4DFA-A873-06E11F5DA45A}.Release|x64.ActiveCfg = Release|x64
		{7F50D019-BA1B-4DFA-A873-06E11F5DA45A}.Release|x64.Build.0 = Release|x64
		{7F50D019-BA1B-4DFA-A873-06E11F5DA45A}.Release|x86.ActiveCfg = Release|Win32
		{7F50D019-BA1B-4DFA-A873-06E11F5DA45A}.Release|x86.Build.0 = Release|Win32
		{C6C9FEBC-0F61-4290-900A-5CD5A543225A}.Debug|x64.ActiveCfg = Debug|x64
		{C6C9FEBC-0F61-4290-900A-5CD5A543225A}.Debug|x64.Build.0 = Debug|x64
		{C6C9FEBC-0F61-4290-900A-5CD5A543225A}.Debug|x86.ActiveCfg = Debug|Win32
		{C6C9FEBC-0F61-4290-900A-5CD5A543225A}.Debug|x86.Build.0 = Debug|Win32
		{C6C9FEBC-0F61-4290-900A-5CD5A543225A}.Release|x64.ActiveCfg = Release|x64
		{C6C9FEBC-0F61-4290-900A-5CD5A543225A}.Release|x64.Build.0 = Release|x64
		{C6C9FEBC-0F61-4290-900A-5CD5A543225A}.Release|x86.ActiveCfg = Release|Win32
		{C6C9FEBC-0F61-4290-900A-5CD5A543225A}.Release|x86.Build.0 = Release|Win32
		{C4051427-47D3-45F3-BD58-C1EC9CE734F6}.Debug|x64.ActiveCfg = Debug|x64
		{C4051427-47D3-45F3-BD58-C1EC9CE734F6}.Debug|x64.Build.0 = Debug|x64
		{C4051427-47D3-45F3-BD58-C1EC9CE734F6}.Debug|x86.ActiveCfg = Debug|Win32
		{C4051427-47D3-45F3-BD58-C1EC9CE734F6}.Debug|x86.Build.0 = Debug|Win32
		{C4051427-47D3-45F3-BD58-C1EC9CE734F6}.Release|x64.ActiveCfg = Release|x64
		{C4051427-47D3-45F3-BD58-C1EC9CE734F6}.Release|x64.Build.0 = Release|x64
		{C4051427-47D3-45F3-BD58-C1EC9CE734F6}.Release|x86.ActiveCfg = Release|Win32
		{C4051427-47D3-45F3-BD58-C1EC9CE734F6}.Release|x86.Build.0 = Release|Win32
		{D9D328E5-7175-4A31-88C1-F12547A59613}.Debug|x64.ActiveCfg = Debug|x64
		{D9D328E5-7175-4A31-88C1-F12547A59613}.Debug|x64.Build.0 = Debug|x64
		{D9D328E5-7175-4A31-88C1-F12547A59613}.Debug|x86.ActiveCfg = Debug|Win32
		{D9D328E5-7175-4A31-88C1-F12547A59613}.Debug|x86.Build.0 = Debug|Win32
		{D9D328E5-7175-4A31-88C1-F12547A59613}.Release|x64.ActiveCfg = Release|x64
		{D9D328E5-7175-4A31-88C1-F12547A59613}.Release|x64.Build.0 = Release|x64
		{D9D328E5-7175-4A31-88C1-F12547A59613}.Release|x86.ActiveCfg = Release|Win32
		{D9D328E5-7175-4A31-88C1-F12547A59613}.Release|x86.Build.0 = Release|Win32
		{919B2913-E460-4733-A329-90C42AA72E27}.Debug|x64.ActiveCfg = Debug|x64
		{919B2913-E460-4733-A329-90C42AA72E27}.Debug|x64.Build.0 = Debug|x64
		{919B2913-E460-4733-A329-90C42AA72E27}.Debug|x86.ActiveCfg = Debug|Win32
		{919B2913-E460-4733-A329-90C42AA72E27}.Debug|x86.Build.0 = Debug|Win32
		{919B2913-E460-4733-A329-90C42AA72E27}.Release|x64.ActiveCfg = Release|x64
		{919B2913-E460-4733-A329-90C42AA72E27}.Release|x64.Build.0 = Release|x64
		{919B2913-E460-4733-A329-90C42AA72E27}.Release|x86.ActiveCfg = Release|Win32
		{919B2913-E460-4733-A329-90C42AA72E27}.Release|x86.Build.0 = Release|Win32
		{5CD8537C-7DAD-47C5-AC2F-286A3DBB1701}.Debug|x64.ActiveCfg = Debug|x64
		{5CD8537C-7DAD-47C5-AC2F-286A3DBB1701}.Debug|x64.Build.0 = Debug|x64
		{5CD8537C-7DAD-47C5-AC2F-286A3DBB1701}.Debug|x86.ActiveCfg = Debug|Win32
		{5CD8537C-7DAD-47C5-AC2F-286A3DBB1701}.Debug|x86.Build.0 = Debug|Win32
		{5CD8537C-7DAD-47C5-AC2F-286A3DBB1701}.Release|x64.ActiveCfg = Release|x64
		{5CD8537C-7DAD-47C5-AC2F-286A3DBB1701}.Release|x64.Build.0 = Release|x64
		{5CD8537C-7DAD-47C5-AC2F-286A3DBB1701}.Release|x86.ActiveCfg = Release|Win32
		{5CD8537C-7DAD-47C5-AC2F-286A3DBB1701}.Release|x86.Build.0 = Release|Win32
		{6579874F-AE50-46FB-A504-422FA2836EE4}.Debug|x64.ActiveCfg = Debug|x64
		{6579874F-AE50-46FB-A504-422FA2836EE4}.Debug|x64.Build.0 = Debug|x64
		{6579874F-AE50-46FB-A504-422FA2836EE4}.Debug|x86.ActiveCfg = Debug|Win32
		{6579874F-AE50-46FB-A504-422FA2836EE4}.Debug|x86.Build.0 = Debug|Win32
		{6579874F-AE50-46FB-A504-422FA2836EE4}.Release|x64.ActiveCfg = Release|x64
		{6579874F-AE50-46FB-A504-422FA2836EE4}.Release|x64.Build.0 = Release|x64
		{6579874F-AE50-46FB-A504-422FA2836EE4}.Release|x86.ActiveCfg = Release|Win32
		{6579874F-AE50-46FB-A504-422FA2836EE4}.Release|x86.Build.0 = Release|Win32
		{90E9CB6C-EFEB-4D36-8033-8494FBE6D352}.Debug|x64.ActiveCfg = Debug|x64
		{90E9CB6C-EFEB-4D36-8033-8494FBE6D352}.Debug|x64.Build.0 = Debug|x64
		{90E9CB6C-EFEB-4D36-8033-8494FBE6D352}.Debug|x86.ActiveCfg = Debug|Win32
		{90E9CB6C-EFEB-4D36-8033-8494FBE6D352}.Debug|x86.Build.0 = Debug|Win32
		{90E9CB6C-EFEB-4D36-8033-8494FBE6D352}.Release|x64.ActiveCfg = Release|x64
		{90E9CB6C-EFEB-4D36-8033-8494FBE6D352}.Release|x64.Build.0 = Release|x64
		{90E9CB6C-EFEB-4D36-8033-8494FBE6D352}.Release|x86.ActiveCfg = Release|Win32
		{90E9CB6C-EFEB-4D36-8033-8494FBE6D352}.Release|x86.Build.0 = Release|Win32
		{9BE13266-DA06-48E4-B535-E842EB0EFDBF}.Debug|x64.ActiveCfg = Debug|x64
		{9BE13266-DA06-48E4-B535-E842EB0EFDBF}.Debug|x64.Build.0 = Debug|x64
		{9BE13266-DA06-48E4-B535-E842EB0EFDBF}.Debug|x86.ActiveCfg = Debug|Win32
		{9BE13266-DA06-48E4-B535-E842EB0EFDBF}.Debug|x86.Build.0 = Debug|Win32
		{9BE13266-DA06-48E4-B535-E842EB0EFDBF}.Release|x64.ActiveCfg = Release|x64
		{9BE13266-DA06-48E4-B535-E842EB0EFDBF}.Release|x64.Build.0 = Release|x64
		{9BE13266-DA06-48E4-B535-E842EB0EFDBF}.Release|x86.ActiveCfg = Release|Win32
		{9BE13266-DA06-48E4-B535-E842EB0EFDBF}.Release|x86.Build.0 = Release|Win32
		{4245BEB4-9E58-49FC-9773-91C991BA5A8E}.Debug|x64.ActiveCfg = Debug|x64
		{4245BEB4-9E58-49FC-9773-91C991BA5A8E}.Debug|x64.Build.0 = Debug|x64
		{4245BEB4-9E58-49FC-9773-91C991BA5A8E}.Debug|x86.ActiveCfg = Debug|Win32
		{4245BEB4-9E58-49FC-9773-91C991BA5A8E}.Debug|x86.Build.0 = Debug|Win32
		{4245BEB4-9E58-49FC-9773-91C991BA5A8E}.Release|x64.ActiveCfg = Release|x64
		{4245BEB4-9E58-49FC-9773-91C991BA5A8E}.Release|x64.Build.0 = Release|x64
		{4245BEB4-9E58-49FC-9773-91C991BA5A8E}.Release|x86.ActiveCfg = Release|Win32
		{4245BEB4-9E58-49FC-9773-91C991BA5A8E}.Release|x86.Build.0 = Release|Win32
		{F8344B5A-C890-4C74-BA84-875CEB57BEE7}.Debug|x64.ActiveCfg = Debug|x64
		{F8344B5A-C890-4C74-BA84-875CEB57BEE7}.Debug|x64.Build.0 = Debug|x64
		{F8344B5A-C890-4C74-BA84-875CEB57BEE7}.Debug|x86.ActiveCfg = Debug|Win32
		{F8344B5A-C890-4C74-BA84-875CEB57BEE7}.Debug|x86.Build.0 = Debug|Win32
		{F8344B5A-C890-4C74-BA84-875CEB57BEE7}.Release|x64.ActiveCfg = Release|x64
		{F8344B5A-C890-4C74-BA84-875CEB57BEE7}.Release|x64.Build.0 = Release|x64
		{F8344B5A-C890-4C74-BA84-875CEB57BEE7}.Release|x86.ActiveCfg = Release|Win32
		{F8344B5A-C890-4C74-BA84-875CEB57BEE7}.Release|x86.Build.0 = Release|Win32
		{58F250A3-ABD5-4208-B91D-ADE86B2FC54F}.Debug|x64.ActiveCfg = Debug|x64
		{58F250A3-ABD5-4208-B91D-ADE86B2FC54F}.Debug|x64.Build.0 = Debug|x64
		{58F250A3-ABD5-4208-B91D-ADE86B2FC54F}.Debug|x86.ActiveCfg = Debug|Win32
		{58F250A3-ABD5-4208-B91D-ADE86B2FC54F}.Debug|x86.Build.0 = Debug|Win32
		{58F250A3-ABD5-4208-B91D-ADE86B2FC54F}.Release|x64.ActiveCfg = Release|x64
		{58F250A3-ABD5-4208-B91D-ADE86B2FC54F}.Release|x64.Build.0 = Release|x64
		{58F250A3-ABD5-4208-B91D-ADE86B2FC54F}.Release|x86.ActiveCfg = Release|Win32
		{58F250A3-ABD5-4208-B91D-ADE86B2FC54F}.Release|x86.Build.0 = Release|Win32
		{847C2F6F-B84E-497F-B651-607D93CA76A1}.Debug|x64.ActiveCfg = Debug|x64
		{847C2F6F-B84E-497F-B651-607D93CA76A1}.Debug|x64.Build.0 = Debug|x64
		{847C2F6F-B84E-497F-B651-607D93CA76A1}.Debug|x86.ActiveCfg = Debug|Win32
		{847C2F6F-B84E-497F-B651-607D93CA76A1}.Debug|x86.Build.0 = Debug|Win32
		{847C2F6F-B84E-497F-B651-607D93CA76A1}.Release|x64.ActiveCfg = Release|x64
		{847C2F6F-B84E-497F-B651-607D93CA76A1}.Release|x64.Build.0 = Release|x64
		{847C2F6F-B84E-497F-B651-607D93CA76A1}.Release|x86.ActiveCfg = Release|Win32
		{847C2F6F-B84E-497F-B651-607D93CA76A1}.Release|x86.Build.0 = Release|Win32
		{56845C76-F1CE-42E2-86EA-CA93DB6CB762}.Debug|x64.ActiveCfg = Debug|x64
		{56845C76-F1CE-42E2-86EA-CA93DB6CB762}.Debug|x64.Build.0 = Debug|x64
		{56845C76-F1CE-42E2-86EA-CA93DB6CB762}.Debug|x86.ActiveCfg = Debug|Win32
		{56845C76-F1CE-42E2-86EA-CA93DB6CB762}.Debug|x86.Build.0 = Debug|Win32
		{56845C76-F1CE-42E2-86EA-CA93DB6CB762}.Release|x64.ActiveCfg = Release|x64
		{56845C76-F1CE-42E2-86EA-CA93DB6CB762}.Release|x64.Build.0 = Release|x64
		{56845C76-F1CE-42E2-86EA-CA93DB6CB762}.Release|x86.ActiveCfg = Release|Win32
		{56845C76-F1CE-42E2-86EA-CA93DB6CB762}.Release|x86.Build.0 = Release|Win32
		{7A267162-898B-46D2-ACB4-97AFD61225AB}.Debug|x64.ActiveCfg = Debug|x64
		{7A267162-898B-46D2-ACB4-97AFD61225AB}.Debug|x64.Build.0 = Debug|x64
		{7A267162-898B-46D2-ACB4-97AFD61225AB}.Debug|x86.ActiveCfg = Debug|Win32
		{7A267162-898B-46D2-ACB4-97AFD61225AB}.Debug|x86.Build.0 = Debug|Win32
		{7A267162-898B-46D2-ACB4-97AFD61225AB}.Release|x64.ActiveCfg = Release|x64
		{7A267162-898B-46D2-ACB4-97AFD61225AB}.Release|x64.Build.0 = Release|x64
		{7A267162-898B-46D2-ACB4-97AFD61225AB}.Release|x86.ActiveCfg = Release|Win32
		{7A267162-898B-46D2-ACB4-97AFD61225AB}.Release|x86.Build.0 = Release|Win32
	EndGlobalSection
	GlobalSection(SolutionProperties) = preSolution
		HideSolutionNode = FALSE
	EndGlobalSection
	GlobalSection(NestedProjects) = preSolution
		{7F50D019-BA1B-4DFA-A873-06E11F5DA45A} = {595EB915-D971-4C2C-A459-FDC88AEF816B}
		{C6C9FEBC-0F61-4290-900A-5CD5A543225A} = {4ACD00A4-4155-4C16-9B3C-A52BD28F7D93}
		{C4051427-47D3-45F3-BD58-C1EC9CE734F6} = {4ACD00A4-4155-4C16-9B3C-A52BD28F7D93}
		{D9D328E5-7175-4A31-88C1-F12547A59613} = {4ACD00A4-4155-4C16-9B3C-A52BD28F7D93}
		{919B2913-E460-4733-A329-90C42AA72E27} = {4ACD00A4-4155-4C16-9B3C-A52BD28F7D93}
		{5CD8537C-7DAD-47C5-AC2F-286A3DBB1701} = {4ACD00A4-4155-4C16-9B3C-A52BD28F7D93}
		{6579874F-AE50-46FB-A504-422FA2836EE4} = {4ACD00A4-4155-4C16-9B3C-A52BD28F7D93}
		{90E9CB6C-EFEB-4D36-8033-8494FBE6D352} = {595EB915-D971-4C2C-A459-FDC88AEF816B}
		{9BE13266-DA06-48E4-B535-E842EB0EFDBF} = {595EB915-D971-4C2C-A459-FDC88AEF816B}
		{4245BEB4-9E58-49FC-9773-91C991BA5A8E} = {595EB915-D971-4C2C-A459-FDC88AEF816B}
		{F8344B5A-C890-4C74-BA84-875CEB57BEE7} = {595EB915-D971-4C2C-A459-FDC88AEF816B}
		{58F250A3-ABD5-4208-B91D-ADE86B2FC54F} = {595EB915-D971-4C2C-A459-FDC88AEF816B}
		{847C2F6F-B84E-497F-B651-607D93CA76A1} = {75B783EF-F07F-4D2F-96E7-6130FB861773}
		{56845C76-F1CE-42E2-86EA-CA93DB6CB762} = {75B783EF-F07F-4D2F-96E7-6130FB861773}
		{7A267162-898B-46D2-ACB4-97AFD61225AB} = {75B783EF-F07F-4D2F-96E7-6130FB861773}
	EndGlobalSection
	GlobalSection(ExtensibilityGlobals) = postSolution
		SolutionGuid = {F7CA7742-0B75-4E20-96F1-703EA3C5DA93}
	EndGlobalSection
EndGlobal
